{
  "version": 4,
  "terraform_version": "1.10.3",
  "serial": 45,
  "lineage": "f75b45b4-171c-eb42-0597-493df26dc88f",
  "outputs": {},
  "resources": [
    {
      "mode": "data",
      "type": "google_client_config",
      "name": "default",
      "provider": "provider[\"registry.terraform.io/hashicorp/google\"]",
      "instances": [
        {
          "schema_version": 0,
          "attributes": {
            "access_token": "ya29.a0ARW5m7685gxeDJPEifNIE9HQVohNo8Cv5-9m2yKolraLO-JEIHWYVAvO08Yi7kaE3fZ23Jv0DMBgAJ4lTqkypbLErUYRHgTfwBiyli9DZPvDK_7AbvoAKJ3b90_uKtg9pVxz8iL2ZW9LIA1FDS5mMPZvzFqrLDH7ZMLgIOicnQaCgYKAfUSARISFQHGX2MizlZgSYRNshsFSlLv9HrU-g0177",
            "default_labels": {},
            "id": "projects/testmap-417607/regions/us-east1/zones/",
            "project": "testmap-417607",
            "region": "us-east1",
            "zone": ""
          },
          "sensitive_attributes": [
            [
              {
                "type": "get_attr",
                "value": "access_token"
              }
            ]
          ]
        }
      ]
    },
    {
      "mode": "managed",
      "type": "google_artifact_registry_repository",
      "name": "registry",
      "provider": "provider[\"registry.terraform.io/hashicorp/google\"]",
      "instances": [
        {
          "schema_version": 0,
          "attributes": {
            "cleanup_policies": [],
            "cleanup_policy_dry_run": false,
            "create_time": "2025-01-02T17:51:15.182558Z",
            "description": "",
            "docker_config": [],
            "effective_labels": {
              "goog-terraform-provisioned": "true"
            },
            "format": "DOCKER",
            "id": "projects/testmap-417607/locations/us-east1/repositories/chiradev-demo-repo",
            "kms_key_name": "",
            "labels": {},
            "location": "us-east1",
            "maven_config": [],
            "mode": "STANDARD_REPOSITORY",
            "name": "chiradev-demo-repo",
            "project": "testmap-417607",
            "remote_repository_config": [],
            "repository_id": "chiradev-demo-repo",
            "terraform_labels": {
              "goog-terraform-provisioned": "true"
            },
            "timeouts": null,
            "update_time": "2025-01-02T18:30:34.108612Z",
            "virtual_repository_config": []
          },
          "sensitive_attributes": [],
          "private": "eyJlMmJmYjczMC1lY2FhLTExZTYtOGY4OC0zNDM2M2JjN2M0YzAiOnsiY3JlYXRlIjoxMjAwMDAwMDAwMDAwLCJkZWxldGUiOjEyMDAwMDAwMDAwMDAsInVwZGF0ZSI6MTIwMDAwMDAwMDAwMH19"
        }
      ]
    },
    {
      "mode": "managed",
      "type": "google_storage_bucket",
      "name": "demo_bucket",
      "provider": "provider[\"registry.terraform.io/hashicorp/google\"]",
      "instances": [
        {
          "schema_version": 3,
          "attributes": {
            "autoclass": [],
            "cors": [],
            "custom_placement_config": [],
            "default_event_based_hold": false,
            "effective_labels": {
              "goog-terraform-provisioned": "true"
            },
            "enable_object_retention": false,
            "encryption": [],
            "force_destroy": true,
            "hierarchical_namespace": [
              {
                "enabled": false
              }
            ],
            "id": "chiradev-demo-bucket",
            "labels": {},
            "lifecycle_rule": [],
            "location": "US-EAST1",
            "logging": [],
            "name": "chiradev-demo-bucket",
            "project": "testmap-417607",
            "project_number": -73048656,
            "public_access_prevention": "inherited",
            "requester_pays": false,
            "retention_policy": [],
            "rpo": null,
            "self_link": "https://www.googleapis.com/storage/v1/b/chiradev-demo-bucket",
            "soft_delete_policy": [
              {
                "effective_time": "",
                "retention_duration_seconds": 0
              }
            ],
            "storage_class": "STANDARD",
            "terraform_labels": {
              "goog-terraform-provisioned": "true"
            },
            "timeouts": null,
            "uniform_bucket_level_access": false,
            "url": "gs://chiradev-demo-bucket",
            "versioning": [],
            "website": []
          },
          "sensitive_attributes": [],
          "private": "eyJlMmJmYjczMC1lY2FhLTExZTYtOGY4OC0zNDM2M2JjN2M0YzAiOnsiY3JlYXRlIjo2MDAwMDAwMDAwMDAsInJlYWQiOjI0MDAwMDAwMDAwMCwidXBkYXRlIjoyNDAwMDAwMDAwMDB9LCJzY2hlbWFfdmVyc2lvbiI6IjMifQ=="
        }
      ]
    },
    {
      "module": "module.api1",
      "mode": "managed",
      "type": "docker_image",
      "name": "chiradev_demo",
      "provider": "provider[\"registry.terraform.io/kreuzwerker/docker\"]",
      "instances": [
        {
          "schema_version": 0,
          "attributes": {
            "build": [
              {
                "auth_config": [],
                "build_arg": null,
                "build_args": null,
                "build_id": "",
                "cache_from": [],
                "cgroup_parent": "",
                "context": "D:/cloud native/flask-gcp-deploy/src",
                "cpu_period": null,
                "cpu_quota": null,
                "cpu_set_cpus": "",
                "cpu_set_mems": "",
                "cpu_shares": null,
                "dockerfile": "Dockerfile",
                "extra_hosts": [],
                "force_remove": null,
                "isolation": "",
                "label": null,
                "labels": null,
                "memory": null,
                "memory_swap": null,
                "network_mode": "",
                "no_cache": null,
                "platform": "",
                "pull_parent": null,
                "remote_context": "",
                "remove": true,
                "security_opt": [],
                "session_id": "",
                "shm_size": null,
                "squash": null,
                "suppress_output": null,
                "tag": [],
                "target": "",
                "ulimit": [],
                "version": ""
              }
            ],
            "force_remove": null,
            "id": "sha256:04f941fc73592cd37d85841c257c89d52f373b42e206fd966eb65175a41a009dus-east1-docker.pkg.dev/testmap-417607/chiradev-demo-repo/chiradev-service-image:20250104161331Z",
            "image_id": "sha256:04f941fc73592cd37d85841c257c89d52f373b42e206fd966eb65175a41a009d",
            "keep_locally": null,
            "name": "us-east1-docker.pkg.dev/testmap-417607/chiradev-demo-repo/chiradev-service-image:20250104161331Z",
            "platform": null,
            "pull_triggers": null,
            "repo_digest": "us-east1-docker.pkg.dev/testmap-417607/chiradev-demo-repo/chiradev-demo-tf@sha256:a4e7dffd500490aefc51e5666b19d17ba66395f29c534717a3a2f14dca40f5f6",
            "triggers": null
          },
          "sensitive_attributes": [],
          "private": "bnVsbA==",
          "dependencies": [
            "data.google_client_config.default",
            "google_artifact_registry_repository.registry"
          ]
        }
      ]
    },
    {
      "module": "module.api1",
      "mode": "managed",
      "type": "docker_registry_image",
      "name": "chiradev_image",
      "provider": "provider[\"registry.terraform.io/kreuzwerker/docker\"]",
      "instances": [
        {
          "schema_version": 0,
          "attributes": {
            "id": "sha256:a4e7dffd500490aefc51e5666b19d17ba66395f29c534717a3a2f14dca40f5f6",
            "insecure_skip_verify": false,
            "keep_remotely": true,
            "name": "us-east1-docker.pkg.dev/testmap-417607/chiradev-demo-repo/chiradev-service-image:20250104161331Z",
            "sha256_digest": "sha256:a4e7dffd500490aefc51e5666b19d17ba66395f29c534717a3a2f14dca40f5f6",
            "triggers": null
          },
          "sensitive_attributes": [],
          "private": "bnVsbA==",
          "dependencies": [
            "data.google_client_config.default",
            "google_artifact_registry_repository.registry",
            "module.api1.docker_image.chiradev_demo"
          ]
        }
      ]
    },
    {
      "module": "module.api1",
      "mode": "managed",
      "type": "google_cloud_run_service",
      "name": "chiradev_service",
      "provider": "provider[\"registry.terraform.io/hashicorp/google\"]",
      "instances": [
        {
          "schema_version": 2,
          "attributes": {
            "autogenerate_revision_name": false,
            "id": "locations/us-east1/namespaces/testmap-417607/services/chiradev-service",
            "location": "us-east1",
            "metadata": [
              {
                "annotations": {},
                "effective_annotations": {
                  "run.googleapis.com/ingress": "all",
                  "run.googleapis.com/ingress-status": "all",
                  "run.googleapis.com/operation-id": "5b6bb5fe-f2f5-47b8-adf1-3a4372888798",
                  "run.googleapis.com/urls": "[\"https://chiradev-service-644172045744.us-east1.run.app\",\"https://chiradev-service-q2lq2prega-ue.a.run.app\"]",
                  "serving.knative.dev/creator": "ChiranthaRavishka@gmail.com",
                  "serving.knative.dev/lastModifier": "ChiranthaRavishka@gmail.com"
                },
                "effective_labels": {
                  "cloud.googleapis.com/location": "us-east1"
                },
                "generation": 1,
                "labels": {},
                "namespace": "testmap-417607",
                "resource_version": "AAYq467SRec",
                "self_link": "/apis/serving.knative.dev/v1/namespaces/644172045744/services/chiradev-service",
                "terraform_labels": {},
                "uid": "c3b206d2-7799-4950-a6f9-99c3204329d7"
              }
            ],
            "name": "chiradev-service",
            "project": "testmap-417607",
            "status": [
              {
                "conditions": [
                  {
                    "message": "",
                    "reason": "",
                    "status": "True",
                    "type": "Ready"
                  },
                  {
                    "message": "",
                    "reason": "",
                    "status": "True",
                    "type": "ConfigurationsReady"
                  },
                  {
                    "message": "",
                    "reason": "",
                    "status": "True",
                    "type": "RoutesReady"
                  }
                ],
                "latest_created_revision_name": "chiradev-service-00001-7jn",
                "latest_ready_revision_name": "chiradev-service-00001-7jn",
                "observed_generation": 1,
                "traffic": [
                  {
                    "latest_revision": true,
                    "percent": 100,
                    "revision_name": "chiradev-service-00001-7jn",
                    "tag": "",
                    "url": ""
                  }
                ],
                "url": "https://chiradev-service-q2lq2prega-ue.a.run.app"
              }
            ],
            "template": [
              {
                "metadata": [
                  {
                    "annotations": {
                      "autoscaling.knative.dev/maxScale": "100"
                    },
                    "generation": 0,
                    "labels": {
                      "run.googleapis.com/startupProbeType": "Default"
                    },
                    "name": "",
                    "namespace": "",
                    "resource_version": "",
                    "self_link": "",
                    "uid": ""
                  }
                ],
                "spec": [
                  {
                    "container_concurrency": 80,
                    "containers": [
                      {
                        "args": null,
                        "command": null,
                        "env": [],
                        "env_from": [],
                        "image": "us-east1-docker.pkg.dev/testmap-417607/chiradev-demo-repo/chiradev-service-image:20250104161331Z",
                        "liveness_probe": [],
                        "name": "",
                        "ports": [
                          {
                            "container_port": 8080,
                            "name": "http1",
                            "protocol": ""
                          }
                        ],
                        "resources": [
                          {
                            "limits": {
                              "cpu": "1000m",
                              "memory": "512Mi"
                            },
                            "requests": {}
                          }
                        ],
                        "startup_probe": [
                          {
                            "failure_threshold": 1,
                            "grpc": [],
                            "http_get": [],
                            "initial_delay_seconds": 0,
                            "period_seconds": 240,
                            "tcp_socket": [
                              {
                                "port": 8080
                              }
                            ],
                            "timeout_seconds": 240
                          }
                        ],
                        "volume_mounts": [],
                        "working_dir": ""
                      }
                    ],
                    "service_account_name": "644172045744-compute@developer.gserviceaccount.com",
                    "serving_state": "",
                    "timeout_seconds": 300,
                    "volumes": []
                  }
                ]
              }
            ],
            "timeouts": null,
            "traffic": [
              {
                "latest_revision": true,
                "percent": 100,
                "revision_name": "",
                "tag": "",
                "url": ""
              }
            ]
          },
          "sensitive_attributes": [],
          "private": "eyJlMmJmYjczMC1lY2FhLTExZTYtOGY4OC0zNDM2M2JjN2M0YzAiOnsiY3JlYXRlIjoxMjAwMDAwMDAwMDAwLCJkZWxldGUiOjEyMDAwMDAwMDAwMDAsInVwZGF0ZSI6MTIwMDAwMDAwMDAwMH0sInNjaGVtYV92ZXJzaW9uIjoiMiJ9",
          "dependencies": [
            "data.google_client_config.default",
            "google_artifact_registry_repository.registry",
            "module.api1.docker_image.chiradev_demo",
            "module.api1.docker_registry_image.chiradev_image"
          ]
        }
      ]
    },
    {
      "module": "module.api2",
      "mode": "managed",
      "type": "docker_image",
      "name": "chiradev_demo",
      "provider": "provider[\"registry.terraform.io/kreuzwerker/docker\"]",
      "instances": [
        {
          "schema_version": 0,
          "attributes": {
            "build": [
              {
                "auth_config": [],
                "build_arg": null,
                "build_args": null,
                "build_id": "",
                "cache_from": [],
                "cgroup_parent": "",
                "context": "D:/cloud native/flask-gcp-deploy/src",
                "cpu_period": null,
                "cpu_quota": null,
                "cpu_set_cpus": "",
                "cpu_set_mems": "",
                "cpu_shares": null,
                "dockerfile": "Dockerfile",
                "extra_hosts": [],
                "force_remove": null,
                "isolation": "",
                "label": null,
                "labels": null,
                "memory": null,
                "memory_swap": null,
                "network_mode": "",
                "no_cache": null,
                "platform": "",
                "pull_parent": null,
                "remote_context": "",
                "remove": true,
                "security_opt": [],
                "session_id": "",
                "shm_size": null,
                "squash": null,
                "suppress_output": null,
                "tag": [],
                "target": "",
                "ulimit": [],
                "version": ""
              }
            ],
            "force_remove": null,
            "id": "sha256:04f941fc73592cd37d85841c257c89d52f373b42e206fd966eb65175a41a009dus-east1-docker.pkg.dev/testmap-417607/chiradev-demo-repo/chiradev-service-super-image:20250104161331Z",
            "image_id": "sha256:04f941fc73592cd37d85841c257c89d52f373b42e206fd966eb65175a41a009d",
            "keep_locally": null,
            "name": "us-east1-docker.pkg.dev/testmap-417607/chiradev-demo-repo/chiradev-service-super-image:20250104161331Z",
            "platform": null,
            "pull_triggers": null,
            "repo_digest": "us-east1-docker.pkg.dev/testmap-417607/chiradev-demo-repo/chiradev-demo-tf@sha256:a4e7dffd500490aefc51e5666b19d17ba66395f29c534717a3a2f14dca40f5f6",
            "triggers": null
          },
          "sensitive_attributes": [],
          "private": "bnVsbA==",
          "dependencies": [
            "data.google_client_config.default",
            "google_artifact_registry_repository.registry"
          ]
        }
      ]
    },
    {
      "module": "module.api2",
      "mode": "managed",
      "type": "docker_registry_image",
      "name": "chiradev_image",
      "provider": "provider[\"registry.terraform.io/kreuzwerker/docker\"]",
      "instances": [
        {
          "schema_version": 0,
          "attributes": {
            "id": "sha256:a4e7dffd500490aefc51e5666b19d17ba66395f29c534717a3a2f14dca40f5f6",
            "insecure_skip_verify": false,
            "keep_remotely": true,
            "name": "us-east1-docker.pkg.dev/testmap-417607/chiradev-demo-repo/chiradev-service-super-image:20250104161331Z",
            "sha256_digest": "sha256:a4e7dffd500490aefc51e5666b19d17ba66395f29c534717a3a2f14dca40f5f6",
            "triggers": null
          },
          "sensitive_attributes": [],
          "private": "bnVsbA==",
          "dependencies": [
            "data.google_client_config.default",
            "google_artifact_registry_repository.registry",
            "module.api2.docker_image.chiradev_demo"
          ]
        }
      ]
    },
    {
      "module": "module.api2",
      "mode": "managed",
      "type": "google_cloud_run_service",
      "name": "chiradev_service",
      "provider": "provider[\"registry.terraform.io/hashicorp/google\"]",
      "instances": [
        {
          "schema_version": 2,
          "attributes": {
            "autogenerate_revision_name": false,
            "id": "locations/us-east1/namespaces/testmap-417607/services/chiradev-service-super",
            "location": "us-east1",
            "metadata": [
              {
                "annotations": {},
                "effective_annotations": {
                  "run.googleapis.com/ingress": "all",
                  "run.googleapis.com/ingress-status": "all",
                  "run.googleapis.com/operation-id": "ea74b077-b898-4fa6-841a-b5dd4614724a",
                  "run.googleapis.com/urls": "[\"https://chiradev-service-super-644172045744.us-east1.run.app\",\"https://chiradev-service-super-q2lq2prega-ue.a.run.app\"]",
                  "serving.knative.dev/creator": "ChiranthaRavishka@gmail.com",
                  "serving.knative.dev/lastModifier": "ChiranthaRavishka@gmail.com"
                },
                "effective_labels": {
                  "cloud.googleapis.com/location": "us-east1"
                },
                "generation": 1,
                "labels": {},
                "namespace": "testmap-417607",
                "resource_version": "AAYq468v8YQ",
                "self_link": "/apis/serving.knative.dev/v1/namespaces/644172045744/services/chiradev-service-super",
                "terraform_labels": {},
                "uid": "a5234434-136f-40e8-ad45-071225a5d0a2"
              }
            ],
            "name": "chiradev-service-super",
            "project": "testmap-417607",
            "status": [
              {
                "conditions": [
                  {
                    "message": "",
                    "reason": "",
                    "status": "True",
                    "type": "Ready"
                  },
                  {
                    "message": "",
                    "reason": "",
                    "status": "True",
                    "type": "ConfigurationsReady"
                  },
                  {
                    "message": "",
                    "reason": "",
                    "status": "True",
                    "type": "RoutesReady"
                  }
                ],
                "latest_created_revision_name": "chiradev-service-super-00001-f5t",
                "latest_ready_revision_name": "chiradev-service-super-00001-f5t",
                "observed_generation": 1,
                "traffic": [
                  {
                    "latest_revision": true,
                    "percent": 100,
                    "revision_name": "chiradev-service-super-00001-f5t",
                    "tag": "",
                    "url": ""
                  }
                ],
                "url": "https://chiradev-service-super-q2lq2prega-ue.a.run.app"
              }
            ],
            "template": [
              {
                "metadata": [
                  {
                    "annotations": {
                      "autoscaling.knative.dev/maxScale": "100"
                    },
                    "generation": 0,
                    "labels": {
                      "run.googleapis.com/startupProbeType": "Default"
                    },
                    "name": "",
                    "namespace": "",
                    "resource_version": "",
                    "self_link": "",
                    "uid": ""
                  }
                ],
                "spec": [
                  {
                    "container_concurrency": 80,
                    "containers": [
                      {
                        "args": null,
                        "command": null,
                        "env": [],
                        "env_from": [],
                        "image": "us-east1-docker.pkg.dev/testmap-417607/chiradev-demo-repo/chiradev-service-super-image:20250104161331Z",
                        "liveness_probe": [],
                        "name": "",
                        "ports": [
                          {
                            "container_port": 8080,
                            "name": "http1",
                            "protocol": ""
                          }
                        ],
                        "resources": [
                          {
                            "limits": {
                              "cpu": "1000m",
                              "memory": "512Mi"
                            },
                            "requests": {}
                          }
                        ],
                        "startup_probe": [
                          {
                            "failure_threshold": 1,
                            "grpc": [],
                            "http_get": [],
                            "initial_delay_seconds": 0,
                            "period_seconds": 240,
                            "tcp_socket": [
                              {
                                "port": 8080
                              }
                            ],
                            "timeout_seconds": 240
                          }
                        ],
                        "volume_mounts": [],
                        "working_dir": ""
                      }
                    ],
                    "service_account_name": "644172045744-compute@developer.gserviceaccount.com",
                    "serving_state": "",
                    "timeout_seconds": 300,
                    "volumes": []
                  }
                ]
              }
            ],
            "timeouts": null,
            "traffic": [
              {
                "latest_revision": true,
                "percent": 100,
                "revision_name": "",
                "tag": "",
                "url": ""
              }
            ]
          },
          "sensitive_attributes": [],
          "private": "eyJlMmJmYjczMC1lY2FhLTExZTYtOGY4OC0zNDM2M2JjN2M0YzAiOnsiY3JlYXRlIjoxMjAwMDAwMDAwMDAwLCJkZWxldGUiOjEyMDAwMDAwMDAwMDAsInVwZGF0ZSI6MTIwMDAwMDAwMDAwMH0sInNjaGVtYV92ZXJzaW9uIjoiMiJ9",
          "dependencies": [
            "data.google_client_config.default",
            "google_artifact_registry_repository.registry",
            "module.api2.docker_image.chiradev_demo",
            "module.api2.docker_registry_image.chiradev_image"
          ]
        }
      ]
    }
  ],
  "check_results": null
}
