{
  "version": 4,
  "terraform_version": "1.10.3",
  "serial": 30,
  "lineage": "f75b45b4-171c-eb42-0597-493df26dc88f",
  "outputs": {},
  "resources": [
    {
      "mode": "data",
      "type": "google_client_config",
      "name": "default",
      "provider": "provider[\"registry.terraform.io/hashicorp/google\"]",
      "instances": [
        {
          "schema_version": 0,
          "attributes": {
            "access_token": "ya29.a0ARW5m75g1Fz99rzCA36tGEeICABSeK5zxsV3kYkhLHP2mdxcJcaftlMVWGGZeOeeZgNQ6IBwywDxihEscCl_yeNUmYinS1xoPw69dmgk0AzL306QFPKQlQ9uvFAeKYFn9VtBonwsJCL4JccM7_V1516Wg6coVFOoWV_dLVS4rQaCgYKATESARISFQHGX2MimgBR6dKU7LmHxNbjsgEZrQ0177",
            "default_labels": {},
            "id": "projects/testmap-417607/regions/us-east1/zones/",
            "project": "testmap-417607",
            "region": "us-east1",
            "zone": ""
          },
          "sensitive_attributes": [
            [
              {
                "type": "get_attr",
                "value": "access_token"
              }
            ]
          ]
        }
      ]
    },
    {
      "mode": "managed",
      "type": "docker_image",
      "name": "chiradev_demo",
      "provider": "provider[\"registry.terraform.io/kreuzwerker/docker\"]",
      "instances": [
        {
          "schema_version": 0,
          "attributes": {
            "build": [
              {
                "auth_config": [],
                "build_arg": null,
                "build_args": null,
                "build_id": "",
                "cache_from": [],
                "cgroup_parent": "",
                "context": "../src/",
                "cpu_period": null,
                "cpu_quota": null,
                "cpu_set_cpus": "",
                "cpu_set_mems": "",
                "cpu_shares": null,
                "dockerfile": "Dockerfile",
                "extra_hosts": [],
                "force_remove": null,
                "isolation": "",
                "label": null,
                "labels": null,
                "memory": null,
                "memory_swap": null,
                "network_mode": "",
                "no_cache": null,
                "platform": "",
                "pull_parent": null,
                "remote_context": "",
                "remove": true,
                "security_opt": [],
                "session_id": "",
                "shm_size": null,
                "squash": null,
                "suppress_output": null,
                "tag": [],
                "target": "",
                "ulimit": [],
                "version": ""
              }
            ],
            "force_remove": null,
            "id": "sha256:04f941fc73592cd37d85841c257c89d52f373b42e206fd966eb65175a41a009dus-east1-docker.pkg.dev/testmap-417607/chiradev-demo-repo/chiradev-demo-tf",
            "image_id": "sha256:04f941fc73592cd37d85841c257c89d52f373b42e206fd966eb65175a41a009d",
            "keep_locally": null,
            "name": "us-east1-docker.pkg.dev/testmap-417607/chiradev-demo-repo/chiradev-demo-tf",
            "platform": null,
            "pull_triggers": null,
            "repo_digest": "",
            "triggers": null
          },
          "sensitive_attributes": [],
          "private": "bnVsbA==",
          "dependencies": [
            "data.google_client_config.default",
            "google_artifact_registry_repository.registry"
          ]
        }
      ]
    },
    {
      "mode": "managed",
      "type": "docker_registry_image",
      "name": "chiradev_image",
      "provider": "provider[\"registry.terraform.io/kreuzwerker/docker\"]",
      "instances": [
        {
          "schema_version": 0,
          "attributes": {
            "id": "sha256:a4e7dffd500490aefc51e5666b19d17ba66395f29c534717a3a2f14dca40f5f6",
            "insecure_skip_verify": false,
            "keep_remotely": true,
            "name": "us-east1-docker.pkg.dev/testmap-417607/chiradev-demo-repo/chiradev-demo-tf",
            "sha256_digest": "sha256:a4e7dffd500490aefc51e5666b19d17ba66395f29c534717a3a2f14dca40f5f6",
            "triggers": null
          },
          "sensitive_attributes": [],
          "private": "bnVsbA==",
          "dependencies": [
            "data.google_client_config.default",
            "docker_image.chiradev_demo",
            "google_artifact_registry_repository.registry"
          ]
        }
      ]
    },
    {
      "mode": "managed",
      "type": "google_artifact_registry_repository",
      "name": "registry",
      "provider": "provider[\"registry.terraform.io/hashicorp/google\"]",
      "instances": [
        {
          "schema_version": 0,
          "attributes": {
            "cleanup_policies": [],
            "cleanup_policy_dry_run": false,
            "create_time": "2025-01-02T17:51:15.182558Z",
            "description": "",
            "docker_config": [],
            "effective_labels": {
              "goog-terraform-provisioned": "true"
            },
            "format": "DOCKER",
            "id": "projects/testmap-417607/locations/us-east1/repositories/chiradev-demo-repo",
            "kms_key_name": "",
            "labels": {},
            "location": "us-east1",
            "maven_config": [],
            "mode": "STANDARD_REPOSITORY",
            "name": "chiradev-demo-repo",
            "project": "testmap-417607",
            "remote_repository_config": [],
            "repository_id": "chiradev-demo-repo",
            "terraform_labels": {
              "goog-terraform-provisioned": "true"
            },
            "timeouts": null,
            "update_time": "2025-01-02T18:19:44.731844Z",
            "virtual_repository_config": []
          },
          "sensitive_attributes": [],
          "private": "eyJlMmJmYjczMC1lY2FhLTExZTYtOGY4OC0zNDM2M2JjN2M0YzAiOnsiY3JlYXRlIjoxMjAwMDAwMDAwMDAwLCJkZWxldGUiOjEyMDAwMDAwMDAwMDAsInVwZGF0ZSI6MTIwMDAwMDAwMDAwMH19"
        }
      ]
    },
    {
      "mode": "managed",
      "type": "google_storage_bucket",
      "name": "demo_bucket",
      "provider": "provider[\"registry.terraform.io/hashicorp/google\"]",
      "instances": [
        {
          "schema_version": 3,
          "attributes": {
            "autoclass": [],
            "cors": [],
            "custom_placement_config": [],
            "default_event_based_hold": false,
            "effective_labels": {
              "goog-terraform-provisioned": "true"
            },
            "enable_object_retention": false,
            "encryption": [],
            "force_destroy": true,
            "hierarchical_namespace": [
              {
                "enabled": false
              }
            ],
            "id": "chiradev-demo-bucket",
            "labels": {},
            "lifecycle_rule": [],
            "location": "US-EAST1",
            "logging": [],
            "name": "chiradev-demo-bucket",
            "project": "testmap-417607",
            "project_number": -73048656,
            "public_access_prevention": "inherited",
            "requester_pays": false,
            "retention_policy": [],
            "rpo": null,
            "self_link": "https://www.googleapis.com/storage/v1/b/chiradev-demo-bucket",
            "soft_delete_policy": [
              {
                "effective_time": "",
                "retention_duration_seconds": 0
              }
            ],
            "storage_class": "STANDARD",
            "terraform_labels": {
              "goog-terraform-provisioned": "true"
            },
            "timeouts": null,
            "uniform_bucket_level_access": false,
            "url": "gs://chiradev-demo-bucket",
            "versioning": [],
            "website": []
          },
          "sensitive_attributes": [],
          "private": "eyJlMmJmYjczMC1lY2FhLTExZTYtOGY4OC0zNDM2M2JjN2M0YzAiOnsiY3JlYXRlIjo2MDAwMDAwMDAwMDAsInJlYWQiOjI0MDAwMDAwMDAwMCwidXBkYXRlIjoyNDAwMDAwMDAwMDB9LCJzY2hlbWFfdmVyc2lvbiI6IjMifQ=="
        }
      ]
    }
  ],
  "check_results": null
}
